
Microsoft Visual Studio Solution File, Format Version 12.00
# Visual Studio Version 17
VisualStudioVersion = 17.6.33723.286
MinimumVisualStudioVersion = 10.0.40219.1
Project("{FAE04EC0-301F-11D3-BF4B-00C04F79EFBC}") = "Sankara", "Sankara.csproj", "{BA52BF4C-779A-4364-B4D3-CF32827454F8}"
EndProject
Global
	GlobalSection(SolutionConfigurationPlatforms) = preSolution
		Debug|Any CPU = Debug|Any CPU
		Release|Any CPU = Release|Any CPU
	EndGlobalSection
	GlobalSection(ProjectConfigurationPlatforms) = postSolution
		{BA52BF4C-779A-4364-B4D3-CF32827454F8}.Debug|Any CPU.ActiveCfg = Debug|Any CPU
		{BA52BF4C-779A-4364-B4D3-CF32827454F8}.Debug|Any CPU.Build.0 = Debug|Any CPU
		{BA52BF4C-779A-4364-B4D3-CF32827454F8}.Release|Any CPU.ActiveCfg = Release|Any CPU
		{BA52BF4C-779A-4364-B4D3-CF32827454F8}.Release|Any CPU.Build.0 = Release|Any CPU
	EndGlobalSection
	GlobalSection(SolutionProperties) = preSolution
		HideSolutionNode = FALSE
	EndGlobalSection
	GlobalSection(ExtensibilityGlobals) = postSolution
		SolutionGuid = {0E1C3157-4ECC-48C5-B0E0-D2DE940054D0}
	EndGlobalSection
EndGlobal
